<?xml version="1.0" encoding="utf-8"?>
<Project ToolsVersion="4.0" xmlns="http://schemas.microsoft.com/developer/msbuild/2003">
  <ItemGroup>
    <Filter Include="Board">
      <UniqueIdentifier>{3bc860d6-b45b-4482-b1ab-62089e123776}</UniqueIdentifier>
    </Filter>
    <Filter Include="Middlewares">
      <UniqueIdentifier>{d2fdb6a3-ebd2-418f-8979-8cbca4a09aa9}</UniqueIdentifier>
    </Filter>
    <Filter Include="Board\Windows">
      <UniqueIdentifier>{f60e46dc-1631-4310-8e35-b2c98bb402ee}</UniqueIdentifier>
    </Filter>
    <Filter Include="Board\Windows\Application">
      <UniqueIdentifier>{ab8d1b74-81fe-4faa-95b0-be1864d0af38}</UniqueIdentifier>
    </Filter>
    <Filter Include="Board\Windows\Setup">
      <UniqueIdentifier>{f53d4e96-c359-4ee7-8b9a-18f3a2262e57}</UniqueIdentifier>
    </Filter>
    <Filter Include="Board\Windows\Win32">
      <UniqueIdentifier>{658a592f-fb40-47f8-bacb-ec428115acb6}</UniqueIdentifier>
    </Filter>
    <Filter Include="Middlewares\OSAL">
      <UniqueIdentifier>{b7387436-ada8-46b2-964d-dac5a13d61ee}</UniqueIdentifier>
    </Filter>
    <Filter Include="Middlewares\OSAL\Source">
      <UniqueIdentifier>{ed93e481-6b53-406b-b68b-0cb6a580628d}</UniqueIdentifier>
    </Filter>
    <Filter Include="Middlewares\OSAL\Source\Src">
      <UniqueIdentifier>{3be701df-e3e0-4dd7-a80a-ab20fa8449a3}</UniqueIdentifier>
    </Filter>
    <Filter Include="Middlewares\OSAL\Source\Inc">
      <UniqueIdentifier>{f5026142-6d70-49db-8003-1d5999e4b71d}</UniqueIdentifier>
    </Filter>
    <Filter Include="Sample">
      <UniqueIdentifier>{20195f94-bae2-459f-9128-fb30135ec663}</UniqueIdentifier>
    </Filter>
    <Filter Include="Sample\Hal">
      <UniqueIdentifier>{35f99da1-b2b7-4be8-9875-7c12176fc195}</UniqueIdentifier>
    </Filter>
    <Filter Include="Sample\Hal\Target">
      <UniqueIdentifier>{763ab504-c43f-433b-a0d4-086339469e4a}</UniqueIdentifier>
    </Filter>
    <Filter Include="Sample\App">
      <UniqueIdentifier>{0ae39ca7-2f07-48a2-bf1e-46fbd7ef9efc}</UniqueIdentifier>
    </Filter>
    <Filter Include="Middlewares\DataStructure">
      <UniqueIdentifier>{3fe69969-3359-4c61-af19-477a3f7c897f}</UniqueIdentifier>
    </Filter>
    <Filter Include="Middlewares\DataStructure\Inc">
      <UniqueIdentifier>{cd9bd5c7-6353-41b4-b76c-aa53cdb4c12f}</UniqueIdentifier>
    </Filter>
    <Filter Include="Middlewares\DataStructure\Src">
      <UniqueIdentifier>{fbd88b35-6037-468c-ae6b-e4647c6294a6}</UniqueIdentifier>
    </Filter>
  </ItemGroup>
  <ItemGroup>
    <ClCompile Include="Setup\BSP.c">
      <Filter>Board\Windows\Setup</Filter>
    </ClCompile>
    <ClCompile Include="Setup\RTOSInit.c">
      <Filter>Board\Windows\Setup</Filter>
    </ClCompile>
    <ClCompile Include="Win32\WinMain.c">
      <Filter>Board\Windows\Win32</Filter>
    </ClCompile>
    <ClCompile Include="Application\OS_StartLEDBlink.c">
      <Filter>Board\Windows\Application</Filter>
    </ClCompile>
    <ClCompile Include="Win32\SIM_OS.c">
      <Filter>Board\Windows\Win32</Filter>
    </ClCompile>
    <ClCompile Include="..\..\Sample\OSAL_GenericApp.c">
      <Filter>Sample</Filter>
    </ClCompile>
    <ClCompile Include="..\..\Sample\App\GenericApp.c">
      <Filter>Sample\App</Filter>
    </ClCompile>
    <ClCompile Include="..\..\Sample\Hal\hal_drivers.c">
      <Filter>Sample\Hal</Filter>
    </ClCompile>
    <ClCompile Include="..\..\Sample\Hal\Target\hal_led.c">
      <Filter>Sample\Hal\Target</Filter>
    </ClCompile>
    <ClCompile Include="..\..\Middlewares\DataStructure\Src\Fifo.c">
      <Filter>Middlewares\DataStructure\Src</Filter>
    </ClCompile>
    <ClCompile Include="..\..\Middlewares\DataStructure\Src\List.c">
      <Filter>Middlewares\DataStructure\Src</Filter>
    </ClCompile>
    <ClCompile Include="..\..\Middlewares\DataStructure\Src\Queue.c">
      <Filter>Middlewares\DataStructure\Src</Filter>
    </ClCompile>
    <ClCompile Include="..\..\Middlewares\DataStructure\Src\Ring.c">
      <Filter>Middlewares\DataStructure\Src</Filter>
    </ClCompile>
  </ItemGroup>
  <ItemGroup>
    <None Include="Win32\SIM_OS_Simulation.ico">
      <Filter>Board\Windows\Win32</Filter>
    </None>
    <None Include="Win32\SIM_OS_Device.bmp">
      <Filter>Board\Windows\Win32</Filter>
    </None>
  </ItemGroup>
  <ItemGroup>
    <ClInclude Include="Win32\SIM_OS_Resource.h">
      <Filter>Board\Windows\Win32</Filter>
    </ClInclude>
    <ClInclude Include="Win32\SIM_OS.h">
      <Filter>Board\Windows\Win32</Filter>
    </ClInclude>
    <ClInclude Include="Setup\BSP.h">
      <Filter>Board\Windows\Setup</Filter>
    </ClInclude>
    <ClInclude Include="..\..\Sample\App\GenericApp.h">
      <Filter>Sample\App</Filter>
    </ClInclude>
    <ClInclude Include="..\..\Sample\Hal\hal_drivers.h">
      <Filter>Sample\Hal</Filter>
    </ClInclude>
    <ClInclude Include="..\..\Sample\Hal\Target\hal_led.h">
      <Filter>Sample\Hal\Target</Filter>
    </ClInclude>
    <ClInclude Include="..\..\Middlewares\DataStructure\Inc\Fifo.h">
      <Filter>Middlewares\DataStructure\Inc</Filter>
    </ClInclude>
    <ClInclude Include="..\..\Middlewares\DataStructure\Inc\List.h">
      <Filter>Middlewares\DataStructure\Inc</Filter>
    </ClInclude>
    <ClInclude Include="..\..\Middlewares\DataStructure\Inc\Queue.h">
      <Filter>Middlewares\DataStructure\Inc</Filter>
    </ClInclude>
    <ClInclude Include="..\..\Middlewares\DataStructure\Inc\Ring.h">
      <Filter>Middlewares\DataStructure\Inc</Filter>
    </ClInclude>
  </ItemGroup>
  <ItemGroup>
    <ResourceCompile Include="Win32\SIM_OS_Simulation.rc">
      <Filter>Board\Windows\Win32</Filter>
    </ResourceCompile>
  </ItemGroup>
</Project>