<?xml version="1.0" encoding="utf-8"?>
<Project ToolsVersion="4.0" xmlns="http://schemas.microsoft.com/developer/msbuild/2003">
  <ItemGroup>
    <Filter Include="Core">
      <UniqueIdentifier>{554ffbab-ad38-4ee8-abd1-3e9c213eba58}</UniqueIdentifier>
    </Filter>
    <Filter Include="Core\Inc">
      <UniqueIdentifier>{40e94d8e-c98e-4c82-8161-ac0fdaf8a2fb}</UniqueIdentifier>
    </Filter>
    <Filter Include="Core\Src">
      <UniqueIdentifier>{8dc32251-d21e-4d23-9911-500472d1910b}</UniqueIdentifier>
    </Filter>
    <Filter Include="App">
      <UniqueIdentifier>{a7c654df-4702-49aa-a98a-585f61a651bd}</UniqueIdentifier>
    </Filter>
  </ItemGroup>
  <ItemGroup>
    <ClCompile Include="Core\Src\OSAL.c">
      <Filter>Core\Src</Filter>
    </ClCompile>
    <ClCompile Include="Core\Src\OSAL_Cbtimer.c">
      <Filter>Core\Src</Filter>
    </ClCompile>
    <ClCompile Include="Core\Src\OSAL_Clock.c">
      <Filter>Core\Src</Filter>
    </ClCompile>
    <ClCompile Include="Core\Src\OSAL_Memory.c">
      <Filter>Core\Src</Filter>
    </ClCompile>
    <ClCompile Include="Core\Src\OSAL_Timers.c">
      <Filter>Core\Src</Filter>
    </ClCompile>
    <ClCompile Include="Core\Src\OSAL_Nv.c">
      <Filter>Core\Src</Filter>
    </ClCompile>
    <ClCompile Include="Core\Src\OSAL_Printf.c">
      <Filter>Core\Src</Filter>
    </ClCompile>
    <ClCompile Include="Core\Src\OSAL_PwrMgr.c">
      <Filter>Core\Src</Filter>
    </ClCompile>
    <ClCompile Include="Core\Src\OSAL_Bufmgr.c">
      <Filter>Core\Src</Filter>
    </ClCompile>
    <ClCompile Include="Core\Src\OSAL_List.c">
      <Filter>Core\Src</Filter>
    </ClCompile>
    <ClCompile Include="Core\Src\OSAL_Queue.c">
      <Filter>Core\Src</Filter>
    </ClCompile>
    <ClCompile Include="Core\Src\OSAL_Ring.c">
      <Filter>Core\Src</Filter>
    </ClCompile>
    <ClCompile Include="Core\Src\OSAL_Port.c">
      <Filter>Core\Src</Filter>
    </ClCompile>
    <ClCompile Include="App\OSAL_GenericApp.c">
      <Filter>App</Filter>
    </ClCompile>
    <ClCompile Include="App\GenericApp.c">
      <Filter>App</Filter>
    </ClCompile>
    <ClCompile Include="App\OSAL_Main.c">
      <Filter>App</Filter>
    </ClCompile>
  </ItemGroup>
  <ItemGroup>
    <ClInclude Include="Core\Inc\OSAL.h">
      <Filter>Core\Inc</Filter>
    </ClInclude>
    <ClInclude Include="Core\Inc\OSAL_Cbtimer.h">
      <Filter>Core\Inc</Filter>
    </ClInclude>
    <ClInclude Include="Core\Inc\OSAL_Clock.h">
      <Filter>Core\Inc</Filter>
    </ClInclude>
    <ClInclude Include="Core\Inc\OSAL_Comdef.h">
      <Filter>Core\Inc</Filter>
    </ClInclude>
    <ClInclude Include="Core\Inc\OSAL_Memory.h">
      <Filter>Core\Inc</Filter>
    </ClInclude>
    <ClInclude Include="Core\Inc\OSAL_Tasks.h">
      <Filter>Core\Inc</Filter>
    </ClInclude>
    <ClInclude Include="Core\Inc\OSAL_Timers.h">
      <Filter>Core\Inc</Filter>
    </ClInclude>
    <ClInclude Include="Core\Inc\OSAL_Nv.h">
      <Filter>Core\Inc</Filter>
    </ClInclude>
    <ClInclude Include="Core\Inc\OSAL_Debug.h">
      <Filter>Core\Inc</Filter>
    </ClInclude>
    <ClInclude Include="Core\Inc\OSAL_Printf.h">
      <Filter>Core\Inc</Filter>
    </ClInclude>
    <ClInclude Include="Core\Inc\OSAL_PwrMgr.h">
      <Filter>Core\Inc</Filter>
    </ClInclude>
    <ClInclude Include="Core\Inc\OSAL_Bufmgr.h">
      <Filter>Core\Inc</Filter>
    </ClInclude>
    <ClInclude Include="Core\Inc\OSAL_List.h">
      <Filter>Core\Inc</Filter>
    </ClInclude>
    <ClInclude Include="Core\Inc\OSAL_Queue.h">
      <Filter>Core\Inc</Filter>
    </ClInclude>
    <ClInclude Include="Core\Inc\OSAL_Ring.h">
      <Filter>Core\Inc</Filter>
    </ClInclude>
    <ClInclude Include="App\GenericApp.h">
      <Filter>App</Filter>
    </ClInclude>
  </ItemGroup>
</Project>